// !$*UTF8*$!
{
	archiveVersion = 1;
	classes = {
	};
	objectVersion = 46;
	objects = {

/* Begin PBXBuildFile section */
		9652A6D61B31B4DB002DB448 /* AppDelegate.swift in Sources */ = {isa = PBXBuildFile; fileRef = 9652A6D51B31B4DB002DB448 /* AppDelegate.swift */; };
		9652A6D81B31B4DB002DB448 /* ViewController.swift in Sources */ = {isa = PBXBuildFile; fileRef = 9652A6D71B31B4DB002DB448 /* ViewController.swift */; };
		9652A6DB1B31B4DB002DB448 /* Main.storyboard in Resources */ = {isa = PBXBuildFile; fileRef = 9652A6D91B31B4DB002DB448 /* Main.storyboard */; };
		9652A6DD1B31B4DB002DB448 /* Images.xcassets in Resources */ = {isa = PBXBuildFile; fileRef = 9652A6DC1B31B4DB002DB448 /* Images.xcassets */; };
		9652A6E01B31B4DB002DB448 /* LaunchScreen.xib in Resources */ = {isa = PBXBuildFile; fileRef = 9652A6DE1B31B4DB002DB448 /* LaunchScreen.xib */; };
		9652A6EC1B31B4DB002DB448 /* Project8Tests.swift in Sources */ = {isa = PBXBuildFile; fileRef = 9652A6EB1B31B4DB002DB448 /* Project8Tests.swift */; };
		9652A6F61B329E5A002DB448 /* level1.txt in Resources */ = {isa = PBXBuildFile; fileRef = 9652A6F51B329E5A002DB448 /* level1.txt */; };
		9652A6F81B32A04D002DB448 /* Array+Shuffling.swift in Sources */ = {isa = PBXBuildFile; fileRef = 9652A6F71B32A04D002DB448 /* Array+Shuffling.swift */; };
/* End PBXBuildFile section */

/* Begin PBXContainerItemProxy section */
		9652A6E61B31B4DB002DB448 /* PBXContainerItemProxy */ = {
			isa = PBXContainerItemProxy;
			containerPortal = 9652A6C81B31B4DB002DB448 /* Project object */;
			proxyType = 1;
			remoteGlobalIDString = 9652A6CF1B31B4DB002DB448;
			remoteInfo = Project8;
		};
/* End PBXContainerItemProxy section */

/* Begin PBXFileReference section */
		9652A6D01B31B4DB002DB448 /* Project8.app */ = {isa = PBXFileReference; explicitFileType = wrapper.application; includeInIndex = 0; path = Project8.app; sourceTree = BUILT_PRODUCTS_DIR; };
		9652A6D41B31B4DB002DB448 /* Info.plist */ = {isa = PBXFileReference; lastKnownFileType = text.plist.xml; path = Info.plist; sourceTree = "<group>"; };
		9652A6D51B31B4DB002DB448 /* AppDelegate.swift */ = {isa = PBXFileReference; lastKnownFileType = sourcecode.swift; path = AppDelegate.swift; sourceTree = "<group>"; };
		9652A6D71B31B4DB002DB448 /* ViewController.swift */ = {isa = PBXFileReference; lastKnownFileType = sourcecode.swift; path = ViewController.swift; sourceTree = "<group>"; };
		9652A6DA1B31B4DB002DB448 /* Base */ = {isa = PBXFileReference; lastKnownFileType = file.storyboard; name = Base; path = Base.lproj/Main.storyboard; sourceTree = "<group>"; };
		9652A6DC1B31B4DB002DB448 /* Images.xcassets */ = {isa = PBXFileReference; lastKnownFileType = folder.assetcatalog; path = Images.xcassets; sourceTree = "<group>"; };
		9652A6DF1B31B4DB002DB448 /* Base */ = {isa = PBXFileReference; lastKnownFileType = file.xib; name = Base; path = Base.lproj/LaunchScreen.xib; sourceTree = "<group>"; };
		9652A6E51B31B4DB002DB448 /* Project8Tests.xctest */ = {isa = PBXFileReference; explicitFileType = wrapper.cfbundle; includeInIndex = 0; path = Project8Tests.xctest; sourceTree = BUILT_PRODUCTS_DIR; };
		9652A6EA1B31B4DB002DB448 /* Info.plist */ = {isa = PBXFileReference; lastKnownFileType = text.plist.xml; path = Info.plist; sourceTree = "<group>"; };
		9652A6EB1B31B4DB002DB448 /* Project8Tests.swift */ = {isa = PBXFileReference; lastKnownFileType = sourcecode.swift; path = Project8Tests.swift; sourceTree = "<group>"; };
		9652A6F51B329E5A002DB448 /* level1.txt */ = {isa = PBXFileReference; fileEncoding = 4; lastKnownFileType = text; path = level1.txt; sourceTree = "<group>"; };
		9652A6F71B32A04D002DB448 /* Array+Shuffling.swift */ = {isa = PBXFileReference; fileEncoding = 4; lastKnownFileType = sourcecode.swift; path = "Array+Shuffling.swift"; sourceTree = "<group>"; };
/* End PBXFileReference section */

/* Begin PBXFrameworksBuildPhase section */
		9652A6CD1B31B4DB002DB448 /* Frameworks */ = {
			isa = PBXFrameworksBuildPhase;
			buildActionMask = 2147483647;
			files = (
			);
			runOnlyForDeploymentPostprocessing = 0;
		};
		9652A6E21B31B4DB002DB448 /* Frameworks */ = {
			isa = PBXFrameworksBuildPhase;
			buildActionMask = 2147483647;
			files = (
			);
			runOnlyForDeploymentPostprocessing = 0;
		};
/* End PBXFrameworksBuildPhase section */

/* Begin PBXGroup section */
		9652A6C71B31B4DB002DB448 = {
			isa = PBXGroup;
			children = (
				9652A6D21B31B4DB002DB448 /* Project8 */,
				9652A6E81B31B4DB002DB448 /* Project8Tests */,
				9652A6D11B31B4DB002DB448 /* Products */,
			);
			sourceTree = "<group>";
		};
		9652A6D11B31B4DB002DB448 /* Products */ = {
			isa = PBXGroup;
			children = (
				9652A6D01B31B4DB002DB448 /* Project8.app */,
				9652A6E51B31B4DB002DB448 /* Project8Tests.xctest */,
			);
			name = Products;
			sourceTree = "<group>";
		};
		9652A6D21B31B4DB002DB448 /* Project8 */ = {
			isa = PBXGroup;
			children = (
				9652A6D51B31B4DB002DB448 /* AppDelegate.swift */,
				9652A6F51B329E5A002DB448 /* level1.txt */,
				9652A6F71B32A04D002DB448 /* Array+Shuffling.swift */,
				9652A6D71B31B4DB002DB448 /* ViewController.swift */,
				9652A6D91B31B4DB002DB448 /* Main.storyboard */,
				9652A6DC1B31B4DB002DB448 /* Images.xcassets */,
				9652A6DE1B31B4DB002DB448 /* LaunchScreen.xib */,
				9652A6D31B31B4DB002DB448 /* Supporting Files */,
			);
			path = Project8;
			sourceTree = "<group>";
		};
		9652A6D31B31B4DB002DB448 /* Supporting Files */ = {
			isa = PBXGroup;
			children = (
				9652A6D41B31B4DB002DB448 /* Info.plist */,
			);
			name = "Supporting Files";
			sourceTree = "<group>";
		};
		9652A6E81B31B4DB002DB448 /* Project8Tests */ = {
			isa = PBXGroup;
			children = (
				9652A6EB1B31B4DB002DB448 /* Project8Tests.swift */,
				9652A6E91B31B4DB002DB448 /* Supporting Files */,
			);
			path = Project8Tests;
			sourceTree = "<group>";
		};
		9652A6E91B31B4DB002DB448 /* Supporting Files */ = {
			isa = PBXGroup;
			children = (
				9652A6EA1B31B4DB002DB448 /* Info.plist */,
			);
			name = "Supporting Files";
			sourceTree = "<group>";
		};
/* End PBXGroup section */

/* Begin PBXNativeTarget section */
		9652A6CF1B31B4DB002DB448 /* Project8 */ = {
			isa = PBXNativeTarget;
			buildConfigurationList = 9652A6EF1B31B4DB002DB448 /* Build configuration list for PBXNativeTarget "Project8" */;
			buildPhases = (
				9652A6CC1B31B4DB002DB448 /* Sources */,
				9652A6CD1B31B4DB002DB448 /* Frameworks */,
				9652A6CE1B31B4DB002DB448 /* Resources */,
			);
			buildRules = (
			);
			dependencies = (
			);
			name = Project8;
			productName = Project8;
			productReference = 9652A6D01B31B4DB002DB448 /* Project8.app */;
			productType = "com.apple.product-type.application";
		};
		9652A6E41B31B4DB002DB448 /* Project8Tests */ = {
			isa = PBXNativeTarget;
			buildConfigurationList = 9652A6F21B31B4DB002DB448 /* Build configuration list for PBXNativeTarget "Project8Tests" */;
			buildPhases = (
				9652A6E11B31B4DB002DB448 /* Sources */,
				9652A6E21B31B4DB002DB448 /* Frameworks */,
				9652A6E31B31B4DB002DB448 /* Resources */,
			);
			buildRules = (
			);
			dependencies = (
				9652A6E71B31B4DB002DB448 /* PBXTargetDependency */,
			);
			name = Project8Tests;
			productName = Project8Tests;
			productReference = 9652A6E51B31B4DB002DB448 /* Project8Tests.xctest */;
			productType = "com.apple.product-type.bundle.unit-test";
		};
/* End PBXNativeTarget section */

/* Begin PBXProject section */
		9652A6C81B31B4DB002DB448 /* Project object */ = {
			isa = PBXProject;
			attributes = {
				LastUpgradeCheck = 0620;
				ORGANIZATIONNAME = joanne;
				TargetAttributes = {
					9652A6CF1B31B4DB002DB448 = {
						CreatedOnToolsVersion = 6.2;
					};
					9652A6E41B31B4DB002DB448 = {
						CreatedOnToolsVersion = 6.2;
						TestTargetID = 9652A6CF1B31B4DB002DB448;
					};
				};
			};
			buildConfigurationList = 9652A6CB1B31B4DB002DB448 /* Build configuration list for PBXProject "Project8" */;
			compatibilityVersion = "Xcode 3.2";
			developmentRegion = English;
			hasScannedForEncodings = 0;
			knownRegions = (
				en,
				Base,
			);
			mainGroup = 9652A6C71B31B4DB002DB448;
			productRefGroup = 9652A6D11B31B4DB002DB448 /* Products */;
			projectDirPath = "";
			projectRoot = "";
			targets = (
				9652A6CF1B31B4DB002DB448 /* Project8 */,
				9652A6E41B31B4DB002DB448 /* Project8Tests */,
			);
		};
/* End PBXProject section */

/* Begin PBXResourcesBuildPhase section */
		9652A6CE1B31B4DB002DB448 /* Resources */ = {
			isa = PBXResourcesBuildPhase;
			buildActionMask = 2147483647;
			files = (
				9652A6DB1B31B4DB002DB448 /* Main.storyboard in Resources */,
				9652A6F61B329E5A002DB448 /* level1.txt in Resources */,
				9652A6E01B31B4DB002DB448 /* LaunchScreen.xib in Resources */,
				9652A6DD1B31B4DB002DB448 /* Images.xcassets in Resources */,
			);
			runOnlyForDeploymentPostprocessing = 0;
		};
		9652A6E31B31B4DB002DB448 /* Resources */ = {
			isa = PBXResourcesBuildPhase;
			buildActionMask = 2147483647;
			files = (
			);
			runOnlyForDeploymentPostprocessing = 0;
		};
/* End PBXResourcesBuildPhase section */

/* Begin PBXSourcesBuildPhase section */
		9652A6CC1B31B4DB002DB448 /* Sources */ = {
			isa = PBXSourcesBuildPhase;
			buildActionMask = 2147483647;
			files = (
				9652A6D81B31B4DB002DB448 /* ViewController.swift in Sources */,
				9652A6D61B31B4DB002DB448 /* AppDelegate.swift in Sources */,
				9652A6F81B32A04D002DB448 /* Array+Shuffling.swift in Sources */,
			);
			runOnlyForDeploymentPostprocessing = 0;
		};
		9652A6E11B31B4DB002DB448 /* Sources */ = {
			isa = PBXSourcesBuildPhase;
			buildActionMask = 2147483647;
			files = (
				9652A6EC1B31B4DB002DB448 /* Project8Tests.swift in Sources */,
			);
			runOnlyForDeploymentPostprocessing = 0;
		};
/* End PBXSourcesBuildPhase section */

/* Begin PBXTargetDependency section */
		9652A6E71B31B4DB002DB448 /* PBXTargetDependency */ = {
			isa = PBXTargetDependency;
			target = 9652A6CF1B31B4DB002DB448 /* Project8 */;
			targetProxy = 9652A6E61B31B4DB002DB448 /* PBXContainerItemProxy */;
		};
/* End PBXTargetDependency section */

/* Begin PBXVariantGroup section */
		9652A6D91B31B4DB002DB448 /* Main.storyboard */ = {
			isa = PBXVariantGroup;
			children = (
				9652A6DA1B31B4DB002DB448 /* Base */,
			);
			name = Main.storyboard;
			sourceTree = "<group>";
		};
		9652A6DE1B31B4DB002DB448 /* LaunchScreen.xib */ = {
			isa = PBXVariantGroup;
			children = (
				9652A6DF1B31B4DB002DB448 /* Base */,
			);
			name = LaunchScreen.xib;
			sourceTree = "<group>";
		};
/* End PBXVariantGroup section */

/* Begin XCBuildConfiguration section */
		9652A6ED1B31B4DB002DB448 /* Debug */ = {
			isa = XCBuildConfiguration;
			buildSettings = {
				ALWAYS_SEARCH_USER_PATHS = NO;
				CLANG_CXX_LANGUAGE_STANDARD = "gnu++0x";
				CLANG_CXX_LIBRARY = "libc++";
				CLANG_ENABLE_MODULES = YES;
				CLANG_ENABLE_OBJC_ARC = YES;
				CLANG_WARN_BOOL_CONVERSION = YES;
				CLANG_WARN_CONSTANT_CONVERSION = YES;
				CLANG_WARN_DIRECT_OBJC_ISA_USAGE = YES_ERROR;
				CLANG_WARN_EMPTY_BODY = YES;
				CLANG_WARN_ENUM_CONVERSION = YES;
				CLANG_WARN_INT_CONVERSION = YES;
				CLANG_WARN_OBJC_ROOT_CLASS = YES_ERROR;
				CLANG_WARN_UNREACHABLE_CODE = YES;
				CLANG_WARN__DUPLICATE_METHOD_MATCH = YES;
				"CODE_SIGN_IDENTITY[sdk=iphoneos*]" = "iPhone Developer";
				COPY_PHASE_STRIP = NO;
				ENABLE_STRICT_OBJC_MSGSEND = YES;
				GCC_C_LANGUAGE_STANDARD = gnu99;
				GCC_DYNAMIC_NO_PIC = NO;
				GCC_OPTIMIZATION_LEVEL = 0;
				GCC_PREPROCESSOR_DEFINITIONS = (
					"DEBUG=1",
					"$(inherited)",
				);
				GCC_SYMBOLS_PRIVATE_EXTERN = NO;
				GCC_WARN_64_TO_32_BIT_CONVERSION = YES;
				GCC_WARN_ABOUT_RETURN_TYPE = YES_ERROR;
				GCC_WARN_UNDECLARED_SELECTOR = YES;
				GCC_WARN_UNINITIALIZED_AUTOS = YES_AGGRESSIVE;
				GCC_WARN_UNUSED_FUNCTION = YES;
				GCC_WARN_UNUSED_VARIABLE = YES;
				IPHONEOS_DEPLOYMENT_TARGET = 8.2;
				MTL_ENABLE_DEBUG_INFO = YES;
				ONLY_ACTIVE_ARCH = YES;
				SDKROOT = iphoneos;
				SWIFT_OPTIMIZATION_LEVEL = "-Onone";
				TARGETED_DEVICE_FAMILY = 2;
			};
			name = Debug;
		};
		9652A6EE1B31B4DB002DB448 /* Release */ = {
			isa = XCBuildConfiguration;
			buildSettings = {
				ALWAYS_SEARCH_USER_PATHS = NO;
				CLANG_CXX_LANGUAGE_STANDARD = "gnu++0x";
				CLANG_CXX_LIBRARY = "libc++";
				CLANG_ENABLE_MODULES = YES;
				CLANG_ENABLE_OBJC_ARC = YES;
				CLANG_WARN_BOOL_CONVERSION = YES;
				CLANG_WARN_CONSTANT_CONVERSION = YES;
				CLANG_WARN_DIRECT_OBJC_ISA_USAGE = YES_ERROR;
				CLANG_WARN_EMPTY_BODY = YES;
				CLANG_WARN_ENUM_CONVERSION = YES;
				CLANG_WARN_INT_CONVERSION = YES;
				CLANG_WARN_OBJC_ROOT_CLASS = YES_ERROR;
				CLANG_WARN_UNREACHABLE_CODE = YES;
				CLANG_WARN__DUPLICATE_METHOD_MATCH = YES;
				"CODE_SIGN_IDENTITY[sdk=iphoneos*]" = "iPhone Developer";
				COPY_PHASE_STRIP = NO;
				ENABLE_NS_ASSERTIONS = NO;
				ENABLE_STRICT_OBJC_MSGSEND = YES;
				GCC_C_LANGUAGE_STANDARD = gnu99;
				GCC_WARN_64_TO_32_BIT_CONVERSION = YES;
				GCC_WARN_ABOUT_RETURN_TYPE = YES_ERROR;
				GCC_WARN_UNDECLARED_SELECTOR = YES;
				GCC_WARN_UNINITIALIZED_AUTOS = YES_AGGRESSIVE;
				GCC_WARN_UNUSED_FUNCTION = YES;
				GCC_WARN_UNUSED_VARIABLE = YES;
				IPHONEOS_DEPLOYMENT_TARGET = 8.2;
				MTL_ENABLE_DEBUG_INFO = NO;
				SDKROOT = iphoneos;
				TARGETED_DEVICE_FAMILY = 2;
				VALIDATE_PRODUCT = YES;
			};
			name = Release;
		};
		9652A6F01B31B4DB002DB448 /* Debug */ = {
			isa = XCBuildConfiguration;
			buildSettings = {
				ASSETCATALOG_COMPILER_APPICON_NAME = AppIcon;
				INFOPLIST_FILE = Project8/Info.plist;
				LD_RUNPATH_SEARCH_PATHS = "$(inherited) @executable_path/Frameworks";
				PRODUCT_NAME = "$(TARGET_NAME)";
			};
			name = Debug;
		};
		9652A6F11B31B4DB002DB448 /* Release */ = {
			isa = XCBuildConfiguration;
			buildSettings = {
				ASSETCATALOG_COMPILER_APPICON_NAME = AppIcon;
				INFOPLIST_FILE = Project8/Info.plist;
				LD_RUNPATH_SEARCH_PATHS = "$(inherited) @executable_path/Frameworks";
				PRODUCT_NAME = "$(TARGET_NAME)";
			};
			name = Release;
		};
		9652A6F31B31B4DB002DB448 /* Debug */ = {
			isa = XCBuildConfiguration;
			buildSettings = {
				BUNDLE_LOADER = "$(TEST_HOST)";
				FRAMEWORK_SEARCH_PATHS = (
					"$(SDKROOT)/Developer/Library/Frameworks",
					"$(inherited)",
				);
				GCC_PREPROCESSOR_DEFINITIONS = (
					"DEBUG=1",
					"$(inherited)",
				);
				INFOPLIST_FILE = Project8Tests/Info.plist;
				LD_RUNPATH_SEARCH_PATHS = "$(inherited) @executable_path/Frameworks @loader_path/Frameworks";
				PRODUCT_NAME = "$(TARGET_NAME)";
				TEST_HOST = "$(BUILT_PRODUCTS_DIR)/Project8.app/Project8";
			};
			name = Debug;
		};
		9652A6F41B31B4DB002DB448 /* Release */ = {
			isa = XCBuildConfiguration;
			buildSettings = {
				BUNDLE_LOADER = "$(TEST_HOST)";
				FRAMEWORK_SEARCH_PATHS = (
					"$(SDKROOT)/Developer/Library/Frameworks",
					"$(inherited)",
				);
				INFOPLIST_FILE = Project8Tests/Info.plist;
				LD_RUNPATH_SEARCH_PATHS = "$(inherited) @executable_path/Frameworks @loader_path/Frameworks";
				PRODUCT_NAME = "$(TARGET_NAME)";
				TEST_HOST = "$(BUILT_PRODUCTS_DIR)/Project8.app/Project8";
			};
			name = Release;
		};
/* End XCBuildConfiguration section */

/* Begin XCConfigurationList section */
		9652A6CB1B31B4DB002DB448 /* Build configuration list for PBXProject "Project8" */ = {
			isa = XCConfigurationList;
			buildConfigurations = (
				9652A6ED1B31B4DB002DB448 /* Debug */,
				9652A6EE1B31B4DB002DB448 /* Release */,
			);
			defaultConfigurationIsVisible = 0;
			defaultConfigurationName = Release;
		};
		9652A6EF1B31B4DB002DB448 /* Build configuration list for PBXNativeTarget "Project8" */ = {
			isa = XCConfigurationList;
			buildConfigurations = (
				9652A6F01B31B4DB002DB448 /* Debug */,
				9652A6F11B31B4DB002DB448 /* Release */,
			);
			defaultConfigurationIsVisible = 0;
		};
		9652A6F21B31B4DB002DB448 /* Build configuration list for PBXNativeTarget "Project8Tests" */ = {
			isa = XCConfigurationList;
			buildConfigurations = (
				9652A6F31B31B4DB002DB448 /* Debug */,
				9652A6F41B31B4DB002DB448 /* Release */,
			);
			defaultConfigurationIsVisible = 0;
		};
/* End XCConfigurationList section */
	};
	rootObject = 9652A6C81B31B4DB002DB448 /* Project object */;
}
